
Microsoft Visual Studio Solution File, Format Version 12.00
# Visual Studio Version 17
VisualStudioVersion = 17.14.36408.4 d17.14
MinimumVisualStudioVersion = 10.0.40219.1
Project("{FAE04EC0-301F-11D3-BF4B-00C04F79EFBC}") = "Calculator", "Calculator\Calculator.csproj", "{0FBEB93C-0A3D-4ABA-B619-1E6EAABC1381}"
EndProject
Global
	GlobalSection(SolutionConfigurationPlatforms) = preSolution
		Debug|Any CPU = Debug|Any CPU
		Release|Any CPU = Release|Any CPU
	EndGlobalSection
	GlobalSection(ProjectConfigurationPlatforms) = postSolution
		{0FBEB93C-0A3D-4ABA-B619-1E6EAABC1381}.Debug|Any CPU.ActiveCfg = Debug|Any CPU
		{0FBEB93C-0A3D-4ABA-B619-1E6EAABC1381}.Debug|Any CPU.Build.0 = Debug|Any CPU
		{0FBEB93C-0A3D-4ABA-B619-1E6EAABC1381}.Release|Any CPU.ActiveCfg = Release|Any CPU
		{0FBEB93C-0A3D-4ABA-B619-1E6EAABC1381}.Release|Any CPU.Build.0 = Release|Any CPU
	EndGlobalSection
	GlobalSection(SolutionProperties) = preSolution
		HideSolutionNode = FALSE
	EndGlobalSection
	GlobalSection(ExtensibilityGlobals) = postSolution
		SolutionGuid = {17007B95-7630-4981-BD7A-45D064F0F977}
	EndGlobalSection
EndGlobal
